# generated by rye
# use `rye lock` or `rye sync` to update this lockfile
#
# last locked with the following flags:
#   pre: false
#   features: []
#   all-features: false
#   with-sources: false

-e file:.
aiohttp==3.9.5
    # via rss-parser
aiosignal==1.3.1
    # via aiohttp
attrs==23.2.0
    # via aiohttp
beautifulsoup4==4.12.3
    # via bs4
    # via rss-parser
bs4==0.0.2
    # via rss-parser
certifi==2024.2.2
    # via requests
charset-normalizer==3.3.2
    # via requests
feedparser==6.0.11
    # via rss-parser
frozenlist==1.4.1
    # via aiohttp
    # via aiosignal
idna==3.7
    # via requests
    # via yarl
multidict==6.0.5
    # via aiohttp
    # via yarl
pytelegrambotapi==4.17.0
    # via rss-parser
python-dateutil==2.9.0.post0
    # via rss-parser
python-dotenv==1.0.1
    # via rss-parser
requests==2.31.0
    # via pytelegrambotapi
    # via rss-parser
sgmllib3k==1.0.0
    # via feedparser
six==1.16.0
    # via python-dateutil
soupsieve==2.5
    # via beautifulsoup4
urllib3==2.2.1
    # via requests
yarl==1.9.4
    # via aiohttp
